
Microsoft Visual Studio Solution File, Format Version 12.00
# Visual Studio 2013
VisualStudioVersion = 12.0.31101.0
MinimumVisualStudioVersion = 10.0.40219.1
Project("{FAE04EC0-301F-11D3-BF4B-00C04F79EFBC}") = "CaixaEletronicoComComboBox", "CaixaEletronicoComComboBox\CaixaEletronicoComComboBox.csproj", "{358A5562-1159-45EB-B662-7F16F4A096F3}"
EndProject
Global
	GlobalSection(SolutionConfigurationPlatforms) = preSolution
		Debug|Any CPU = Debug|Any CPU
		Release|Any CPU = Release|Any CPU
	EndGlobalSection
	GlobalSection(ProjectConfigurationPlatforms) = postSolution
		{358A5562-1159-45EB-B662-7F16F4A096F3}.Debug|Any CPU.ActiveCfg = Debug|Any CPU
		{358A5562-1159-45EB-B662-7F16F4A096F3}.Debug|Any CPU.Build.0 = Debug|Any CPU
		{358A5562-1159-45EB-B662-7F16F4A096F3}.Release|Any CPU.ActiveCfg = Release|Any CPU
		{358A5562-1159-45EB-B662-7F16F4A096F3}.Release|Any CPU.Build.0 = Release|Any CPU
	EndGlobalSection
	GlobalSection(SolutionProperties) = preSolution
		HideSolutionNode = FALSE
	EndGlobalSection
EndGlobal
